lockfileVersion: '9.0'

settings:
  autoInstallPeers: true
  excludeLinksFromLockfile: false

importers:

  .:
    dependencies:
      omnibox-js:
        specifier: ^0.6.4
        version: 0.6.4
      querylib:
        specifier: file:../query.rs/lib
        version: file:../query.rs/lib

packages:

  omnibox-js@0.6.4:
    resolution: {integrity: sha512-g9QiLasOyE03wKBO1mT9jbetjwpQkCVJf4ChP/7FV8jtkXXNBhoLVlb/063qXyj8aOz35h2xP/suw9QfIwAQeA==}

  querylib@file:../query.rs/lib:
    resolution: {directory: ../query.rs/lib, type: directory}

snapshots:

  omnibox-js@0.6.4: {}

  querylib@file:../query.rs/lib:
    dependencies:
      omnibox-js: 0.6.4
